
Microsoft Visual Studio Solution File, Format Version 12.00
# Visual Studio Version 17
VisualStudioVersion = 17.12.35521.163 d17.12
MinimumVisualStudioVersion = 10.0.40219.1
Project("{FAE04EC0-301F-11D3-BF4B-00C04F79EFBC}") = "Heris.Extensions.Caching.Distributed.Redis", "Heris.Extensions.Caching.Distributed.Redis\Heris.Extensions.Caching.Distributed.Redis.csproj", "{280B7C90-7302-4956-B936-E29D981B8B21}"
EndProject
Project("{FAE04EC0-301F-11D3-BF4B-00C04F79EFBC}") = "Heris.Extensions.Caching.Distributed.Redis.Sample", "Heris.Extensions.Caching.Distributed.Redis.Sample\Heris.Extensions.Caching.Distributed.Redis.Sample.csproj", "{9CD2F594-02F1-46E0-9A45-DD0CBD050374}"
EndProject
Global
	GlobalSection(SolutionConfigurationPlatforms) = preSolution
		Debug|Any CPU = Debug|Any CPU
		Release|Any CPU = Release|Any CPU
	EndGlobalSection
	GlobalSection(ProjectConfigurationPlatforms) = postSolution
		{280B7C90-7302-4956-B936-E29D981B8B21}.Debug|Any CPU.ActiveCfg = Debug|Any CPU
		{280B7C90-7302-4956-B936-E29D981B8B21}.Debug|Any CPU.Build.0 = Debug|Any CPU
		{280B7C90-7302-4956-B936-E29D981B8B21}.Release|Any CPU.ActiveCfg = Release|Any CPU
		{280B7C90-7302-4956-B936-E29D981B8B21}.Release|Any CPU.Build.0 = Release|Any CPU
		{9CD2F594-02F1-46E0-9A45-DD0CBD050374}.Debug|Any CPU.ActiveCfg = Debug|Any CPU
		{9CD2F594-02F1-46E0-9A45-DD0CBD050374}.Debug|Any CPU.Build.0 = Debug|Any CPU
		{9CD2F594-02F1-46E0-9A45-DD0CBD050374}.Release|Any CPU.ActiveCfg = Release|Any CPU
		{9CD2F594-02F1-46E0-9A45-DD0CBD050374}.Release|Any CPU.Build.0 = Release|Any CPU
	EndGlobalSection
	GlobalSection(SolutionProperties) = preSolution
		HideSolutionNode = FALSE
	EndGlobalSection
EndGlobal
