
Microsoft Visual Studio Solution File, Format Version 12.00
# Visual Studio Version 17
VisualStudioVersion = 17.11.35303.130
MinimumVisualStudioVersion = 10.0.40219.1
Project("{2150E333-8FDC-42A3-9474-1A3956D46DE8}") = "1.Utilities", "1.Utilities", "{F2BBE9DB-F32D-450E-8C40-42E98C2C68AD}"
EndProject
Project("{2150E333-8FDC-42A3-9474-1A3956D46DE8}") = "src", "src", "{FF8E4B3D-39A8-4412-9636-BD14ED8016DF}"
EndProject
Project("{2150E333-8FDC-42A3-9474-1A3956D46DE8}") = "2.Core", "2.Core", "{2FD23B56-8607-496E-8577-56F379A7C381}"
EndProject
Project("{2150E333-8FDC-42A3-9474-1A3956D46DE8}") = "3.Infra", "3.Infra", "{07A00EFC-A4BB-4785-9990-9F6F4886E820}"
EndProject
Project("{2150E333-8FDC-42A3-9474-1A3956D46DE8}") = "4.EndPoints", "4.EndPoints", "{8E3B2C3D-B619-4466-A1EC-C417A7F35AD7}"
EndProject
Project("{9A19103F-16F7-4668-BE54-9A1E7A4F7556}") = "Base.Utility", "src\1.Utilities\Base.Utility\Base.Utility.csproj", "{56E9CD18-36CD-432E-B3E4-7CAF804EFF4C}"
EndProject
Project("{9A19103F-16F7-4668-BE54-9A1E7A4F7556}") = "Base.Core.ApplicationServices", "src\2.Core\Base.Core.ApplicationServices\Base.Core.ApplicationServices.csproj", "{6F7E7062-8A27-4138-82D6-121A467DCC76}"
EndProject
Project("{9A19103F-16F7-4668-BE54-9A1E7A4F7556}") = "Base.Core.Contracts", "src\2.Core\Base.Core.Contracts\Base.Core.Contracts.csproj", "{52F9E264-7395-429A-98A6-43A39A887E48}"
EndProject
Project("{9A19103F-16F7-4668-BE54-9A1E7A4F7556}") = "Base.Core.Domains", "src\2.Core\Base.Core.Domains\Base.Core.Domains.csproj", "{80BABD56-8804-489B-B41A-AA8A52678913}"
EndProject
Project("{9A19103F-16F7-4668-BE54-9A1E7A4F7556}") = "Base.Core.RequestResponse", "src\2.Core\Base.Core.RequestResponse\Base.Core.RequestResponse.csproj", "{DF14B89C-F868-450E-B615-7FF57B282F2E}"
EndProject
Project("{2150E333-8FDC-42A3-9474-1A3956D46DE8}") = "Data", "Data", "{61C6C818-9EE5-4BC0-8A89-A839F82C378E}"
EndProject
Project("{9A19103F-16F7-4668-BE54-9A1E7A4F7556}") = "Base.EndPoints.Web", "src\4.EndPoints\Base.EndPoints.Web\Base.EndPoints.Web.csproj", "{6AE8EB5D-28CF-41E5-9742-58AB33473586}"
EndProject
Project("{2150E333-8FDC-42A3-9474-1A3956D46DE8}") = "samples", "samples", "{2E3EFC93-DC6B-46E5-8F9B-B28055E14E3B}"
EndProject
Project("{2150E333-8FDC-42A3-9474-1A3956D46DE8}") = "1.Core", "1.Core", "{5570F724-DB4C-4025-83FC-E389A2358185}"
EndProject
Project("{2150E333-8FDC-42A3-9474-1A3956D46DE8}") = "2.Infra", "2.Infra", "{A8098583-BB0D-4C93-BD5F-905E0BFADA69}"
EndProject
Project("{2150E333-8FDC-42A3-9474-1A3956D46DE8}") = "3.EndPoints", "3.EndPoints", "{685FC6B7-BA0E-42AB-8C8F-B742E3A430EC}"
EndProject
Project("{9A19103F-16F7-4668-BE54-9A1E7A4F7556}") = "Base.Samples.Core.ApplicationServices", "samples\1.Core\Base.Samples.Core.ApplicationServices\Base.Samples.Core.ApplicationServices.csproj", "{C1081B65-F877-4DD0-8503-B8F9171411A8}"
EndProject
Project("{9A19103F-16F7-4668-BE54-9A1E7A4F7556}") = "Base.Samples.Core.Contracts", "samples\1.Core\Base.Samples.Core.Contracts\Base.Samples.Core.Contracts.csproj", "{6AAB8F74-C125-4EB8-9F35-9785281A6F75}"
EndProject
Project("{9A19103F-16F7-4668-BE54-9A1E7A4F7556}") = "Base.Samples.Core.Domain", "samples\1.Core\Base.Samples.Core.Domain\Base.Samples.Core.Domain.csproj", "{1A2FC195-510D-4B82-B611-46EE62DC4A79}"
EndProject
Project("{2150E333-8FDC-42A3-9474-1A3956D46DE8}") = "data", "data", "{3D904E4F-7419-4B51-BC43-90D250647E5A}"
EndProject
Project("{9A19103F-16F7-4668-BE54-9A1E7A4F7556}") = "Base.Samples.EndPoints.WebApi", "samples\3.EndPoints\Base.Samples.EndPoints.WebApi\Base.Samples.EndPoints.WebApi.csproj", "{365E3FA9-4FE3-4500-AB13-EC463B034CCB}"
EndProject
Project("{9A19103F-16F7-4668-BE54-9A1E7A4F7556}") = "Base.Samples.Infrastructure", "samples\2.Infra\Data\Base.Samples.Infrastructure\Base.Samples.Infrastructure.csproj", "{9EE6CF7E-678D-4D75-9635-FA5A6F358DAA}"
EndProject
Project("{FAE04EC0-301F-11D3-BF4B-00C04F79EFBC}") = "Base.Infrastructure", "src\3.Infra\Data\Base.Infrastructure\Base.Infrastructure.csproj", "{641CAA1D-5794-41A3-8800-DA8438815CD7}"
EndProject
Global
	GlobalSection(SolutionConfigurationPlatforms) = preSolution
		Debug|Any CPU = Debug|Any CPU
		Release|Any CPU = Release|Any CPU
	EndGlobalSection
	GlobalSection(ProjectConfigurationPlatforms) = postSolution
		{56E9CD18-36CD-432E-B3E4-7CAF804EFF4C}.Debug|Any CPU.ActiveCfg = Debug|Any CPU
		{56E9CD18-36CD-432E-B3E4-7CAF804EFF4C}.Debug|Any CPU.Build.0 = Debug|Any CPU
		{56E9CD18-36CD-432E-B3E4-7CAF804EFF4C}.Release|Any CPU.ActiveCfg = Release|Any CPU
		{56E9CD18-36CD-432E-B3E4-7CAF804EFF4C}.Release|Any CPU.Build.0 = Release|Any CPU
		{6F7E7062-8A27-4138-82D6-121A467DCC76}.Debug|Any CPU.ActiveCfg = Debug|Any CPU
		{6F7E7062-8A27-4138-82D6-121A467DCC76}.Debug|Any CPU.Build.0 = Debug|Any CPU
		{6F7E7062-8A27-4138-82D6-121A467DCC76}.Release|Any CPU.ActiveCfg = Release|Any CPU
		{6F7E7062-8A27-4138-82D6-121A467DCC76}.Release|Any CPU.Build.0 = Release|Any CPU
		{52F9E264-7395-429A-98A6-43A39A887E48}.Debug|Any CPU.ActiveCfg = Debug|Any CPU
		{52F9E264-7395-429A-98A6-43A39A887E48}.Debug|Any CPU.Build.0 = Debug|Any CPU
		{52F9E264-7395-429A-98A6-43A39A887E48}.Release|Any CPU.ActiveCfg = Release|Any CPU
		{52F9E264-7395-429A-98A6-43A39A887E48}.Release|Any CPU.Build.0 = Release|Any CPU
		{80BABD56-8804-489B-B41A-AA8A52678913}.Debug|Any CPU.ActiveCfg = Debug|Any CPU
		{80BABD56-8804-489B-B41A-AA8A52678913}.Debug|Any CPU.Build.0 = Debug|Any CPU
		{80BABD56-8804-489B-B41A-AA8A52678913}.Release|Any CPU.ActiveCfg = Release|Any CPU
		{80BABD56-8804-489B-B41A-AA8A52678913}.Release|Any CPU.Build.0 = Release|Any CPU
		{DF14B89C-F868-450E-B615-7FF57B282F2E}.Debug|Any CPU.ActiveCfg = Debug|Any CPU
		{DF14B89C-F868-450E-B615-7FF57B282F2E}.Debug|Any CPU.Build.0 = Debug|Any CPU
		{DF14B89C-F868-450E-B615-7FF57B282F2E}.Release|Any CPU.ActiveCfg = Release|Any CPU
		{DF14B89C-F868-450E-B615-7FF57B282F2E}.Release|Any CPU.Build.0 = Release|Any CPU
		{6AE8EB5D-28CF-41E5-9742-58AB33473586}.Debug|Any CPU.ActiveCfg = Debug|Any CPU
		{6AE8EB5D-28CF-41E5-9742-58AB33473586}.Debug|Any CPU.Build.0 = Debug|Any CPU
		{6AE8EB5D-28CF-41E5-9742-58AB33473586}.Release|Any CPU.ActiveCfg = Release|Any CPU
		{6AE8EB5D-28CF-41E5-9742-58AB33473586}.Release|Any CPU.Build.0 = Release|Any CPU
		{C1081B65-F877-4DD0-8503-B8F9171411A8}.Debug|Any CPU.ActiveCfg = Debug|Any CPU
		{C1081B65-F877-4DD0-8503-B8F9171411A8}.Debug|Any CPU.Build.0 = Debug|Any CPU
		{C1081B65-F877-4DD0-8503-B8F9171411A8}.Release|Any CPU.ActiveCfg = Release|Any CPU
		{C1081B65-F877-4DD0-8503-B8F9171411A8}.Release|Any CPU.Build.0 = Release|Any CPU
		{6AAB8F74-C125-4EB8-9F35-9785281A6F75}.Debug|Any CPU.ActiveCfg = Debug|Any CPU
		{6AAB8F74-C125-4EB8-9F35-9785281A6F75}.Debug|Any CPU.Build.0 = Debug|Any CPU
		{6AAB8F74-C125-4EB8-9F35-9785281A6F75}.Release|Any CPU.ActiveCfg = Release|Any CPU
		{6AAB8F74-C125-4EB8-9F35-9785281A6F75}.Release|Any CPU.Build.0 = Release|Any CPU
		{1A2FC195-510D-4B82-B611-46EE62DC4A79}.Debug|Any CPU.ActiveCfg = Debug|Any CPU
		{1A2FC195-510D-4B82-B611-46EE62DC4A79}.Debug|Any CPU.Build.0 = Debug|Any CPU
		{1A2FC195-510D-4B82-B611-46EE62DC4A79}.Release|Any CPU.ActiveCfg = Release|Any CPU
		{1A2FC195-510D-4B82-B611-46EE62DC4A79}.Release|Any CPU.Build.0 = Release|Any CPU
		{365E3FA9-4FE3-4500-AB13-EC463B034CCB}.Debug|Any CPU.ActiveCfg = Debug|Any CPU
		{365E3FA9-4FE3-4500-AB13-EC463B034CCB}.Debug|Any CPU.Build.0 = Debug|Any CPU
		{365E3FA9-4FE3-4500-AB13-EC463B034CCB}.Release|Any CPU.ActiveCfg = Release|Any CPU
		{365E3FA9-4FE3-4500-AB13-EC463B034CCB}.Release|Any CPU.Build.0 = Release|Any CPU
		{9EE6CF7E-678D-4D75-9635-FA5A6F358DAA}.Debug|Any CPU.ActiveCfg = Debug|Any CPU
		{9EE6CF7E-678D-4D75-9635-FA5A6F358DAA}.Debug|Any CPU.Build.0 = Debug|Any CPU
		{9EE6CF7E-678D-4D75-9635-FA5A6F358DAA}.Release|Any CPU.ActiveCfg = Release|Any CPU
		{9EE6CF7E-678D-4D75-9635-FA5A6F358DAA}.Release|Any CPU.Build.0 = Release|Any CPU
		{641CAA1D-5794-41A3-8800-DA8438815CD7}.Debug|Any CPU.ActiveCfg = Debug|Any CPU
		{641CAA1D-5794-41A3-8800-DA8438815CD7}.Debug|Any CPU.Build.0 = Debug|Any CPU
		{641CAA1D-5794-41A3-8800-DA8438815CD7}.Release|Any CPU.ActiveCfg = Release|Any CPU
		{641CAA1D-5794-41A3-8800-DA8438815CD7}.Release|Any CPU.Build.0 = Release|Any CPU
	EndGlobalSection
	GlobalSection(SolutionProperties) = preSolution
		HideSolutionNode = FALSE
	EndGlobalSection
	GlobalSection(NestedProjects) = preSolution
		{F2BBE9DB-F32D-450E-8C40-42E98C2C68AD} = {FF8E4B3D-39A8-4412-9636-BD14ED8016DF}
		{2FD23B56-8607-496E-8577-56F379A7C381} = {FF8E4B3D-39A8-4412-9636-BD14ED8016DF}
		{07A00EFC-A4BB-4785-9990-9F6F4886E820} = {FF8E4B3D-39A8-4412-9636-BD14ED8016DF}
		{8E3B2C3D-B619-4466-A1EC-C417A7F35AD7} = {FF8E4B3D-39A8-4412-9636-BD14ED8016DF}
		{56E9CD18-36CD-432E-B3E4-7CAF804EFF4C} = {F2BBE9DB-F32D-450E-8C40-42E98C2C68AD}
		{6F7E7062-8A27-4138-82D6-121A467DCC76} = {2FD23B56-8607-496E-8577-56F379A7C381}
		{52F9E264-7395-429A-98A6-43A39A887E48} = {2FD23B56-8607-496E-8577-56F379A7C381}
		{80BABD56-8804-489B-B41A-AA8A52678913} = {2FD23B56-8607-496E-8577-56F379A7C381}
		{DF14B89C-F868-450E-B615-7FF57B282F2E} = {2FD23B56-8607-496E-8577-56F379A7C381}
		{61C6C818-9EE5-4BC0-8A89-A839F82C378E} = {07A00EFC-A4BB-4785-9990-9F6F4886E820}
		{6AE8EB5D-28CF-41E5-9742-58AB33473586} = {8E3B2C3D-B619-4466-A1EC-C417A7F35AD7}
		{5570F724-DB4C-4025-83FC-E389A2358185} = {2E3EFC93-DC6B-46E5-8F9B-B28055E14E3B}
		{A8098583-BB0D-4C93-BD5F-905E0BFADA69} = {2E3EFC93-DC6B-46E5-8F9B-B28055E14E3B}
		{685FC6B7-BA0E-42AB-8C8F-B742E3A430EC} = {2E3EFC93-DC6B-46E5-8F9B-B28055E14E3B}
		{C1081B65-F877-4DD0-8503-B8F9171411A8} = {5570F724-DB4C-4025-83FC-E389A2358185}
		{6AAB8F74-C125-4EB8-9F35-9785281A6F75} = {5570F724-DB4C-4025-83FC-E389A2358185}
		{1A2FC195-510D-4B82-B611-46EE62DC4A79} = {5570F724-DB4C-4025-83FC-E389A2358185}
		{3D904E4F-7419-4B51-BC43-90D250647E5A} = {A8098583-BB0D-4C93-BD5F-905E0BFADA69}
		{365E3FA9-4FE3-4500-AB13-EC463B034CCB} = {685FC6B7-BA0E-42AB-8C8F-B742E3A430EC}
		{9EE6CF7E-678D-4D75-9635-FA5A6F358DAA} = {3D904E4F-7419-4B51-BC43-90D250647E5A}
		{641CAA1D-5794-41A3-8800-DA8438815CD7} = {61C6C818-9EE5-4BC0-8A89-A839F82C378E}
	EndGlobalSection
	GlobalSection(ExtensibilityGlobals) = postSolution
		SolutionGuid = {1D5D58CA-317E-4A1C-BD21-D8E928B9B245}
	EndGlobalSection
EndGlobal
