
Microsoft Visual Studio Solution File, Format Version 12.00
# Visual Studio Version 17
VisualStudioVersion = 17.12.35521.163
MinimumVisualStudioVersion = 10.0.40219.1
Project("{2150E333-8FDC-42A3-9474-1A3956D46DE8}") = "src", "src", "{BA1E22FC-DDD6-422A-AF6C-B67C3D9E4943}"
EndProject
Project("{2150E333-8FDC-42A3-9474-1A3956D46DE8}") = "1.Utility", "1.Utility", "{DA7A1263-905B-4893-98FD-37B80A3EDA3D}"
EndProject
Project("{FAE04EC0-301F-11D3-BF4B-00C04F79EFBC}") = "Heris.Utility", "src\Utility\Heris.Utility\Heris.Utility.csproj", "{BA298CD6-FDA6-436A-BD60-4B289AFFEF02}"
EndProject
Project("{2150E333-8FDC-42A3-9474-1A3956D46DE8}") = "2.Core", "2.Core", "{AAAB646B-F64B-4B83-9BF2-BD1DEA4E5827}"
EndProject
Project("{FAE04EC0-301F-11D3-BF4B-00C04F79EFBC}") = "Heris.Core.Contracts", "src\Core\Heris.Core.Contracts\Heris.Core.Contracts.csproj", "{AA9CC340-F154-42C3-BE5D-0A26CDA19928}"
EndProject
Project("{FAE04EC0-301F-11D3-BF4B-00C04F79EFBC}") = "Heris.Core.Domains", "src\Core\Heris.Core.Domains\Heris.Core.Domains.csproj", "{C4BDFFAC-706F-455F-9E1E-B1C339ED73F3}"
EndProject
Project("{2150E333-8FDC-42A3-9474-1A3956D46DE8}") = "3.Application", "3.Application", "{09A586DC-7C55-498C-8CFF-B641D0D12B22}"
EndProject
Project("{FAE04EC0-301F-11D3-BF4B-00C04F79EFBC}") = "Heris.Application", "src\Application\Heris.Application\Heris.Application.csproj", "{4141BD10-9D57-44F4-9CDA-C576F1616BAA}"
EndProject
Project("{FAE04EC0-301F-11D3-BF4B-00C04F79EFBC}") = "Heris.Application.RequestResponse", "src\Application\Heris.Application.RequestResponse\Heris.Application.RequestResponse.csproj", "{AB3B6A0B-6972-4D86-915D-7704964077C7}"
EndProject
Project("{2150E333-8FDC-42A3-9474-1A3956D46DE8}") = "3.Infrastructure", "3.Infrastructure", "{F27D9449-251F-4507-90A6-9C39C5E2ADF1}"
EndProject
Project("{FAE04EC0-301F-11D3-BF4B-00C04F79EFBC}") = "Heris.Infrastructure", "src\Infrastructure\Heris.Infrastructure\Heris.Infrastructure.csproj", "{CA2656AA-5F86-417C-870F-9714AADE504B}"
EndProject
Project("{2150E333-8FDC-42A3-9474-1A3956D46DE8}") = "4.EndPoints", "4.EndPoints", "{226D41E2-BC74-45E9-BCEE-A8EC51AAE636}"
EndProject
Project("{FAE04EC0-301F-11D3-BF4B-00C04F79EFBC}") = "Heris.BackgroundWorker", "src\EndPoints\Heris.BackgroundWorker\Heris.BackgroundWorker.csproj", "{63777F58-8266-4CB1-81E4-AF654CA9479B}"
EndProject
Project("{FAE04EC0-301F-11D3-BF4B-00C04F79EFBC}") = "Heris.EndPoints.Web", "src\EndPoints\Heris.EndPoints.Web\Heris.EndPoints.Web.csproj", "{0DF267F9-9B6F-401C-85DB-497F861895E8}"
EndProject
Project("{2150E333-8FDC-42A3-9474-1A3956D46DE8}") = "samples", "samples", "{8FE1A9A1-3F43-4812-852A-C4D7EA09BAD6}"
EndProject
Project("{2150E333-8FDC-42A3-9474-1A3956D46DE8}") = "1.Core", "1.Core", "{A0C92DF3-1FA2-49EB-A766-5540380716F4}"
EndProject
Project("{FAE04EC0-301F-11D3-BF4B-00C04F79EFBC}") = "Heris.Samples.Core.Contracts", "Samples\Core\Heris.Samples.Core.Contracts\Heris.Samples.Core.Contracts.csproj", "{FE02D4C8-D7AD-4FDB-80B0-B577E374F87D}"
EndProject
Project("{2150E333-8FDC-42A3-9474-1A3956D46DE8}") = "3.Infrastructure", "3.Infrastructure", "{6D6DB701-93AA-4FD9-AB3B-B8EB727CFABA}"
EndProject
Project("{FAE04EC0-301F-11D3-BF4B-00C04F79EFBC}") = "Heris.Samples.Infrastructure", "Samples\Infrastructure\Heris.Samples.Infrastructure\Heris.Samples.Infrastructure.csproj", "{C82EEB82-B604-4D6B-AE31-A57858FAD9F3}"
EndProject
Project("{2150E333-8FDC-42A3-9474-1A3956D46DE8}") = "2.Application", "2.Application", "{43FD9F9A-E43A-4A79-89E3-208744745367}"
EndProject
Project("{FAE04EC0-301F-11D3-BF4B-00C04F79EFBC}") = "Heris.Sample.Application", "Samples\Application\Heris.Sample.Application\Heris.Sample.Application.csproj", "{9298A978-0436-423A-92A6-6D99B25F32DE}"
EndProject
Project("{FAE04EC0-301F-11D3-BF4B-00C04F79EFBC}") = "Heris.Sample.Application.RequestResponse", "Samples\Application\Heris.Sample.Application.RequestResponse\Heris.Sample.Application.RequestResponse.csproj", "{1536D275-ED32-41D8-9D3D-50ED23488759}"
EndProject
Project("{2150E333-8FDC-42A3-9474-1A3956D46DE8}") = "4.EndPoint", "4.EndPoint", "{CA588FFB-2605-4EA1-B765-E6E6A5D47815}"
EndProject
Project("{FAE04EC0-301F-11D3-BF4B-00C04F79EFBC}") = "Heris.Sample.BackgroundWorker", "Samples\EndPoint\Heris.Sample.BackgroundWorker\Heris.Sample.BackgroundWorker.csproj", "{BD497286-E72E-499F-8D38-6A4501C5C316}"
EndProject
Project("{FAE04EC0-301F-11D3-BF4B-00C04F79EFBC}") = "Heris.Samples.EndPoints.WebApi", "Samples\EndPoint\Heris.Samples.EndPoints.WebApi\Heris.Samples.EndPoints.WebApi.csproj", "{2AB1CDE4-E0C8-402F-BAC6-B5EC82AC58A7}"
EndProject
Project("{FAE04EC0-301F-11D3-BF4B-00C04F79EFBC}") = "Heris.Samples.Core.Domain", "Samples\Core\Heris.Samples.Core.Domain\Heris.Samples.Core.Domain.csproj", "{056792FB-1781-4313-8817-9AF1D2D511DB}"
EndProject
Global
	GlobalSection(SolutionConfigurationPlatforms) = preSolution
		Debug|Any CPU = Debug|Any CPU
		Release|Any CPU = Release|Any CPU
	EndGlobalSection
	GlobalSection(ProjectConfigurationPlatforms) = postSolution
		{BA298CD6-FDA6-436A-BD60-4B289AFFEF02}.Debug|Any CPU.ActiveCfg = Debug|Any CPU
		{BA298CD6-FDA6-436A-BD60-4B289AFFEF02}.Debug|Any CPU.Build.0 = Debug|Any CPU
		{BA298CD6-FDA6-436A-BD60-4B289AFFEF02}.Release|Any CPU.ActiveCfg = Release|Any CPU
		{BA298CD6-FDA6-436A-BD60-4B289AFFEF02}.Release|Any CPU.Build.0 = Release|Any CPU
		{AA9CC340-F154-42C3-BE5D-0A26CDA19928}.Debug|Any CPU.ActiveCfg = Debug|Any CPU
		{AA9CC340-F154-42C3-BE5D-0A26CDA19928}.Debug|Any CPU.Build.0 = Debug|Any CPU
		{AA9CC340-F154-42C3-BE5D-0A26CDA19928}.Release|Any CPU.ActiveCfg = Release|Any CPU
		{AA9CC340-F154-42C3-BE5D-0A26CDA19928}.Release|Any CPU.Build.0 = Release|Any CPU
		{C4BDFFAC-706F-455F-9E1E-B1C339ED73F3}.Debug|Any CPU.ActiveCfg = Debug|Any CPU
		{C4BDFFAC-706F-455F-9E1E-B1C339ED73F3}.Debug|Any CPU.Build.0 = Debug|Any CPU
		{C4BDFFAC-706F-455F-9E1E-B1C339ED73F3}.Release|Any CPU.ActiveCfg = Release|Any CPU
		{C4BDFFAC-706F-455F-9E1E-B1C339ED73F3}.Release|Any CPU.Build.0 = Release|Any CPU
		{4141BD10-9D57-44F4-9CDA-C576F1616BAA}.Debug|Any CPU.ActiveCfg = Debug|Any CPU
		{4141BD10-9D57-44F4-9CDA-C576F1616BAA}.Debug|Any CPU.Build.0 = Debug|Any CPU
		{4141BD10-9D57-44F4-9CDA-C576F1616BAA}.Release|Any CPU.ActiveCfg = Release|Any CPU
		{4141BD10-9D57-44F4-9CDA-C576F1616BAA}.Release|Any CPU.Build.0 = Release|Any CPU
		{AB3B6A0B-6972-4D86-915D-7704964077C7}.Debug|Any CPU.ActiveCfg = Debug|Any CPU
		{AB3B6A0B-6972-4D86-915D-7704964077C7}.Debug|Any CPU.Build.0 = Debug|Any CPU
		{AB3B6A0B-6972-4D86-915D-7704964077C7}.Release|Any CPU.ActiveCfg = Release|Any CPU
		{AB3B6A0B-6972-4D86-915D-7704964077C7}.Release|Any CPU.Build.0 = Release|Any CPU
		{CA2656AA-5F86-417C-870F-9714AADE504B}.Debug|Any CPU.ActiveCfg = Debug|Any CPU
		{CA2656AA-5F86-417C-870F-9714AADE504B}.Debug|Any CPU.Build.0 = Debug|Any CPU
		{CA2656AA-5F86-417C-870F-9714AADE504B}.Release|Any CPU.ActiveCfg = Release|Any CPU
		{CA2656AA-5F86-417C-870F-9714AADE504B}.Release|Any CPU.Build.0 = Release|Any CPU
		{63777F58-8266-4CB1-81E4-AF654CA9479B}.Debug|Any CPU.ActiveCfg = Debug|Any CPU
		{63777F58-8266-4CB1-81E4-AF654CA9479B}.Debug|Any CPU.Build.0 = Debug|Any CPU
		{63777F58-8266-4CB1-81E4-AF654CA9479B}.Release|Any CPU.ActiveCfg = Release|Any CPU
		{63777F58-8266-4CB1-81E4-AF654CA9479B}.Release|Any CPU.Build.0 = Release|Any CPU
		{0DF267F9-9B6F-401C-85DB-497F861895E8}.Debug|Any CPU.ActiveCfg = Debug|Any CPU
		{0DF267F9-9B6F-401C-85DB-497F861895E8}.Debug|Any CPU.Build.0 = Debug|Any CPU
		{0DF267F9-9B6F-401C-85DB-497F861895E8}.Release|Any CPU.ActiveCfg = Release|Any CPU
		{0DF267F9-9B6F-401C-85DB-497F861895E8}.Release|Any CPU.Build.0 = Release|Any CPU
		{FE02D4C8-D7AD-4FDB-80B0-B577E374F87D}.Debug|Any CPU.ActiveCfg = Debug|Any CPU
		{FE02D4C8-D7AD-4FDB-80B0-B577E374F87D}.Debug|Any CPU.Build.0 = Debug|Any CPU
		{FE02D4C8-D7AD-4FDB-80B0-B577E374F87D}.Release|Any CPU.ActiveCfg = Release|Any CPU
		{FE02D4C8-D7AD-4FDB-80B0-B577E374F87D}.Release|Any CPU.Build.0 = Release|Any CPU
		{C82EEB82-B604-4D6B-AE31-A57858FAD9F3}.Debug|Any CPU.ActiveCfg = Debug|Any CPU
		{C82EEB82-B604-4D6B-AE31-A57858FAD9F3}.Debug|Any CPU.Build.0 = Debug|Any CPU
		{C82EEB82-B604-4D6B-AE31-A57858FAD9F3}.Release|Any CPU.ActiveCfg = Release|Any CPU
		{C82EEB82-B604-4D6B-AE31-A57858FAD9F3}.Release|Any CPU.Build.0 = Release|Any CPU
		{9298A978-0436-423A-92A6-6D99B25F32DE}.Debug|Any CPU.ActiveCfg = Debug|Any CPU
		{9298A978-0436-423A-92A6-6D99B25F32DE}.Debug|Any CPU.Build.0 = Debug|Any CPU
		{9298A978-0436-423A-92A6-6D99B25F32DE}.Release|Any CPU.ActiveCfg = Release|Any CPU
		{9298A978-0436-423A-92A6-6D99B25F32DE}.Release|Any CPU.Build.0 = Release|Any CPU
		{1536D275-ED32-41D8-9D3D-50ED23488759}.Debug|Any CPU.ActiveCfg = Debug|Any CPU
		{1536D275-ED32-41D8-9D3D-50ED23488759}.Debug|Any CPU.Build.0 = Debug|Any CPU
		{1536D275-ED32-41D8-9D3D-50ED23488759}.Release|Any CPU.ActiveCfg = Release|Any CPU
		{1536D275-ED32-41D8-9D3D-50ED23488759}.Release|Any CPU.Build.0 = Release|Any CPU
		{BD497286-E72E-499F-8D38-6A4501C5C316}.Debug|Any CPU.ActiveCfg = Debug|Any CPU
		{BD497286-E72E-499F-8D38-6A4501C5C316}.Debug|Any CPU.Build.0 = Debug|Any CPU
		{BD497286-E72E-499F-8D38-6A4501C5C316}.Release|Any CPU.ActiveCfg = Release|Any CPU
		{BD497286-E72E-499F-8D38-6A4501C5C316}.Release|Any CPU.Build.0 = Release|Any CPU
		{2AB1CDE4-E0C8-402F-BAC6-B5EC82AC58A7}.Debug|Any CPU.ActiveCfg = Debug|Any CPU
		{2AB1CDE4-E0C8-402F-BAC6-B5EC82AC58A7}.Debug|Any CPU.Build.0 = Debug|Any CPU
		{2AB1CDE4-E0C8-402F-BAC6-B5EC82AC58A7}.Release|Any CPU.ActiveCfg = Release|Any CPU
		{2AB1CDE4-E0C8-402F-BAC6-B5EC82AC58A7}.Release|Any CPU.Build.0 = Release|Any CPU
		{056792FB-1781-4313-8817-9AF1D2D511DB}.Debug|Any CPU.ActiveCfg = Debug|Any CPU
		{056792FB-1781-4313-8817-9AF1D2D511DB}.Debug|Any CPU.Build.0 = Debug|Any CPU
		{056792FB-1781-4313-8817-9AF1D2D511DB}.Release|Any CPU.ActiveCfg = Release|Any CPU
		{056792FB-1781-4313-8817-9AF1D2D511DB}.Release|Any CPU.Build.0 = Release|Any CPU
	EndGlobalSection
	GlobalSection(SolutionProperties) = preSolution
		HideSolutionNode = FALSE
	EndGlobalSection
	GlobalSection(NestedProjects) = preSolution
		{DA7A1263-905B-4893-98FD-37B80A3EDA3D} = {BA1E22FC-DDD6-422A-AF6C-B67C3D9E4943}
		{BA298CD6-FDA6-436A-BD60-4B289AFFEF02} = {DA7A1263-905B-4893-98FD-37B80A3EDA3D}
		{AAAB646B-F64B-4B83-9BF2-BD1DEA4E5827} = {BA1E22FC-DDD6-422A-AF6C-B67C3D9E4943}
		{AA9CC340-F154-42C3-BE5D-0A26CDA19928} = {AAAB646B-F64B-4B83-9BF2-BD1DEA4E5827}
		{C4BDFFAC-706F-455F-9E1E-B1C339ED73F3} = {AAAB646B-F64B-4B83-9BF2-BD1DEA4E5827}
		{09A586DC-7C55-498C-8CFF-B641D0D12B22} = {BA1E22FC-DDD6-422A-AF6C-B67C3D9E4943}
		{4141BD10-9D57-44F4-9CDA-C576F1616BAA} = {09A586DC-7C55-498C-8CFF-B641D0D12B22}
		{AB3B6A0B-6972-4D86-915D-7704964077C7} = {09A586DC-7C55-498C-8CFF-B641D0D12B22}
		{F27D9449-251F-4507-90A6-9C39C5E2ADF1} = {BA1E22FC-DDD6-422A-AF6C-B67C3D9E4943}
		{CA2656AA-5F86-417C-870F-9714AADE504B} = {F27D9449-251F-4507-90A6-9C39C5E2ADF1}
		{226D41E2-BC74-45E9-BCEE-A8EC51AAE636} = {BA1E22FC-DDD6-422A-AF6C-B67C3D9E4943}
		{63777F58-8266-4CB1-81E4-AF654CA9479B} = {226D41E2-BC74-45E9-BCEE-A8EC51AAE636}
		{0DF267F9-9B6F-401C-85DB-497F861895E8} = {226D41E2-BC74-45E9-BCEE-A8EC51AAE636}
		{A0C92DF3-1FA2-49EB-A766-5540380716F4} = {8FE1A9A1-3F43-4812-852A-C4D7EA09BAD6}
		{FE02D4C8-D7AD-4FDB-80B0-B577E374F87D} = {A0C92DF3-1FA2-49EB-A766-5540380716F4}
		{6D6DB701-93AA-4FD9-AB3B-B8EB727CFABA} = {8FE1A9A1-3F43-4812-852A-C4D7EA09BAD6}
		{C82EEB82-B604-4D6B-AE31-A57858FAD9F3} = {6D6DB701-93AA-4FD9-AB3B-B8EB727CFABA}
		{43FD9F9A-E43A-4A79-89E3-208744745367} = {8FE1A9A1-3F43-4812-852A-C4D7EA09BAD6}
		{9298A978-0436-423A-92A6-6D99B25F32DE} = {43FD9F9A-E43A-4A79-89E3-208744745367}
		{1536D275-ED32-41D8-9D3D-50ED23488759} = {43FD9F9A-E43A-4A79-89E3-208744745367}
		{CA588FFB-2605-4EA1-B765-E6E6A5D47815} = {8FE1A9A1-3F43-4812-852A-C4D7EA09BAD6}
		{BD497286-E72E-499F-8D38-6A4501C5C316} = {CA588FFB-2605-4EA1-B765-E6E6A5D47815}
		{2AB1CDE4-E0C8-402F-BAC6-B5EC82AC58A7} = {CA588FFB-2605-4EA1-B765-E6E6A5D47815}
		{056792FB-1781-4313-8817-9AF1D2D511DB} = {A0C92DF3-1FA2-49EB-A766-5540380716F4}
	EndGlobalSection
EndGlobal
